
Microsoft Visual Studio Solution File, Format Version 12.00
Project("{FAE04EC0-301F-11D3-BF4B-00C04F79EFBC}") = "Pattern_Builder", "Pattern_Builder\Pattern_Builder.csproj", "{7D9C6966-7714-48D4-88D7-0FB37B2022A5}"
EndProject
Project("{FAE04EC0-301F-11D3-BF4B-00C04F79EFBC}") = "Abstract_Factory", "Abstract_Factory\Abstract_Factory.csproj", "{491AD97C-AC78-4A81-9136-8070B39C7C90}"
EndProject
Project("{FAE04EC0-301F-11D3-BF4B-00C04F79EFBC}") = "Singleton", "Singleton\Singleton.csproj", "{C3CAA3BF-6A90-4A3B-A4F2-95F2068A8343}"
EndProject
Project("{FAE04EC0-301F-11D3-BF4B-00C04F79EFBC}") = "Factory_Method", "Factory_Method\Factory_Method.csproj", "{2ADBAFD2-D4F0-427D-A490-A4F7EFFA8945}"
EndProject
Project("{FAE04EC0-301F-11D3-BF4B-00C04F79EFBC}") = "Prototype", "Prototype\Prototype.csproj", "{3782C6B8-6D31-4A48-99D3-B3F07E6001C1}"
EndProject
Project("{FAE04EC0-301F-11D3-BF4B-00C04F79EFBC}") = "Adapter", "Adapter\Adapter.csproj", "{FD14B827-C594-495D-8BBA-DA9F7A219669}"
EndProject
Project("{FAE04EC0-301F-11D3-BF4B-00C04F79EFBC}") = "Bridge", "Bridge\Bridge.csproj", "{398E7B45-FA5B-4C2B-928D-2A4FADA7D787}"
EndProject
Project("{FAE04EC0-301F-11D3-BF4B-00C04F79EFBC}") = "Composite", "Composite\Composite.csproj", "{DA71B6A0-E89C-4A44-9C54-CAA25F005F8C}"
EndProject
Project("{FAE04EC0-301F-11D3-BF4B-00C04F79EFBC}") = "Chain_Of_Responsability", "Chain_Of_Responsability\Chain_Of_Responsability.csproj", "{79BBC857-FCE6-4C63-80A0-69A599164130}"
EndProject
Project("{2150E333-8FDC-42A3-9474-1A3956D46DE8}") = "RenduProjet", "RenduProjet", "{CAAC984F-DE5B-4009-B973-4638F4B07EBF}"
EndProject
Project("{FAE04EC0-301F-11D3-BF4B-00C04F79EFBC}") = "Singleton", "RenduProjet\Singleton\Singleton.csproj", "{85C92572-9B3F-4F5F-A858-01AD1A33B54D}"
EndProject
Project("{FAE04EC0-301F-11D3-BF4B-00C04F79EFBC}") = "Adapter", "RenduProjet\Adapter\Adapter.csproj", "{CD7F957E-B73C-42D6-B5FF-40FEE1E63114}"
EndProject
Project("{FAE04EC0-301F-11D3-BF4B-00C04F79EFBC}") = "Chain_Of_Responsability", "RenduProjet\Chain_Of_Responsability\Chain_Of_Responsability.csproj", "{A1D03F42-1FE9-46A4-8314-4354E0D8FD08}"
EndProject
Global
	GlobalSection(SolutionConfigurationPlatforms) = preSolution
		Debug|Any CPU = Debug|Any CPU
		Release|Any CPU = Release|Any CPU
	EndGlobalSection
	GlobalSection(ProjectConfigurationPlatforms) = postSolution
		{7D9C6966-7714-48D4-88D7-0FB37B2022A5}.Debug|Any CPU.ActiveCfg = Debug|Any CPU
		{7D9C6966-7714-48D4-88D7-0FB37B2022A5}.Debug|Any CPU.Build.0 = Debug|Any CPU
		{7D9C6966-7714-48D4-88D7-0FB37B2022A5}.Release|Any CPU.ActiveCfg = Release|Any CPU
		{7D9C6966-7714-48D4-88D7-0FB37B2022A5}.Release|Any CPU.Build.0 = Release|Any CPU
		{491AD97C-AC78-4A81-9136-8070B39C7C90}.Debug|Any CPU.ActiveCfg = Debug|Any CPU
		{491AD97C-AC78-4A81-9136-8070B39C7C90}.Debug|Any CPU.Build.0 = Debug|Any CPU
		{491AD97C-AC78-4A81-9136-8070B39C7C90}.Release|Any CPU.ActiveCfg = Release|Any CPU
		{491AD97C-AC78-4A81-9136-8070B39C7C90}.Release|Any CPU.Build.0 = Release|Any CPU
		{C3CAA3BF-6A90-4A3B-A4F2-95F2068A8343}.Debug|Any CPU.ActiveCfg = Debug|Any CPU
		{C3CAA3BF-6A90-4A3B-A4F2-95F2068A8343}.Debug|Any CPU.Build.0 = Debug|Any CPU
		{C3CAA3BF-6A90-4A3B-A4F2-95F2068A8343}.Release|Any CPU.ActiveCfg = Release|Any CPU
		{C3CAA3BF-6A90-4A3B-A4F2-95F2068A8343}.Release|Any CPU.Build.0 = Release|Any CPU
		{2ADBAFD2-D4F0-427D-A490-A4F7EFFA8945}.Debug|Any CPU.ActiveCfg = Debug|Any CPU
		{2ADBAFD2-D4F0-427D-A490-A4F7EFFA8945}.Debug|Any CPU.Build.0 = Debug|Any CPU
		{2ADBAFD2-D4F0-427D-A490-A4F7EFFA8945}.Release|Any CPU.ActiveCfg = Release|Any CPU
		{2ADBAFD2-D4F0-427D-A490-A4F7EFFA8945}.Release|Any CPU.Build.0 = Release|Any CPU
		{3782C6B8-6D31-4A48-99D3-B3F07E6001C1}.Debug|Any CPU.ActiveCfg = Debug|Any CPU
		{3782C6B8-6D31-4A48-99D3-B3F07E6001C1}.Debug|Any CPU.Build.0 = Debug|Any CPU
		{3782C6B8-6D31-4A48-99D3-B3F07E6001C1}.Release|Any CPU.ActiveCfg = Release|Any CPU
		{3782C6B8-6D31-4A48-99D3-B3F07E6001C1}.Release|Any CPU.Build.0 = Release|Any CPU
		{FD14B827-C594-495D-8BBA-DA9F7A219669}.Debug|Any CPU.ActiveCfg = Debug|Any CPU
		{FD14B827-C594-495D-8BBA-DA9F7A219669}.Debug|Any CPU.Build.0 = Debug|Any CPU
		{FD14B827-C594-495D-8BBA-DA9F7A219669}.Release|Any CPU.ActiveCfg = Release|Any CPU
		{FD14B827-C594-495D-8BBA-DA9F7A219669}.Release|Any CPU.Build.0 = Release|Any CPU
		{398E7B45-FA5B-4C2B-928D-2A4FADA7D787}.Debug|Any CPU.ActiveCfg = Debug|Any CPU
		{398E7B45-FA5B-4C2B-928D-2A4FADA7D787}.Debug|Any CPU.Build.0 = Debug|Any CPU
		{398E7B45-FA5B-4C2B-928D-2A4FADA7D787}.Release|Any CPU.ActiveCfg = Release|Any CPU
		{398E7B45-FA5B-4C2B-928D-2A4FADA7D787}.Release|Any CPU.Build.0 = Release|Any CPU
		{DA71B6A0-E89C-4A44-9C54-CAA25F005F8C}.Debug|Any CPU.ActiveCfg = Debug|Any CPU
		{DA71B6A0-E89C-4A44-9C54-CAA25F005F8C}.Debug|Any CPU.Build.0 = Debug|Any CPU
		{DA71B6A0-E89C-4A44-9C54-CAA25F005F8C}.Release|Any CPU.ActiveCfg = Release|Any CPU
		{DA71B6A0-E89C-4A44-9C54-CAA25F005F8C}.Release|Any CPU.Build.0 = Release|Any CPU
		{79BBC857-FCE6-4C63-80A0-69A599164130}.Debug|Any CPU.ActiveCfg = Debug|Any CPU
		{79BBC857-FCE6-4C63-80A0-69A599164130}.Debug|Any CPU.Build.0 = Debug|Any CPU
		{79BBC857-FCE6-4C63-80A0-69A599164130}.Release|Any CPU.ActiveCfg = Release|Any CPU
		{79BBC857-FCE6-4C63-80A0-69A599164130}.Release|Any CPU.Build.0 = Release|Any CPU
		{85C92572-9B3F-4F5F-A858-01AD1A33B54D}.Debug|Any CPU.ActiveCfg = Debug|Any CPU
		{85C92572-9B3F-4F5F-A858-01AD1A33B54D}.Debug|Any CPU.Build.0 = Debug|Any CPU
		{85C92572-9B3F-4F5F-A858-01AD1A33B54D}.Release|Any CPU.ActiveCfg = Release|Any CPU
		{85C92572-9B3F-4F5F-A858-01AD1A33B54D}.Release|Any CPU.Build.0 = Release|Any CPU
		{CD7F957E-B73C-42D6-B5FF-40FEE1E63114}.Debug|Any CPU.ActiveCfg = Debug|Any CPU
		{CD7F957E-B73C-42D6-B5FF-40FEE1E63114}.Debug|Any CPU.Build.0 = Debug|Any CPU
		{CD7F957E-B73C-42D6-B5FF-40FEE1E63114}.Release|Any CPU.ActiveCfg = Release|Any CPU
		{CD7F957E-B73C-42D6-B5FF-40FEE1E63114}.Release|Any CPU.Build.0 = Release|Any CPU
		{A1D03F42-1FE9-46A4-8314-4354E0D8FD08}.Debug|Any CPU.ActiveCfg = Debug|Any CPU
		{A1D03F42-1FE9-46A4-8314-4354E0D8FD08}.Debug|Any CPU.Build.0 = Debug|Any CPU
		{A1D03F42-1FE9-46A4-8314-4354E0D8FD08}.Release|Any CPU.ActiveCfg = Release|Any CPU
		{A1D03F42-1FE9-46A4-8314-4354E0D8FD08}.Release|Any CPU.Build.0 = Release|Any CPU
	EndGlobalSection
	GlobalSection(NestedProjects) = preSolution
		{85C92572-9B3F-4F5F-A858-01AD1A33B54D} = {CAAC984F-DE5B-4009-B973-4638F4B07EBF}
		{CD7F957E-B73C-42D6-B5FF-40FEE1E63114} = {CAAC984F-DE5B-4009-B973-4638F4B07EBF}
		{A1D03F42-1FE9-46A4-8314-4354E0D8FD08} = {CAAC984F-DE5B-4009-B973-4638F4B07EBF}
	EndGlobalSection
EndGlobal
