
Microsoft Visual Studio Solution File, Format Version 12.00
Project("{FAE04EC0-301F-11D3-BF4B-00C04F79EFBC}") = "Pattern_Builder", "Pattern_Builder\Pattern_Builder.csproj", "{7D9C6966-7714-48D4-88D7-0FB37B2022A5}"
EndProject
Project("{FAE04EC0-301F-11D3-BF4B-00C04F79EFBC}") = "Abstract_Factory", "Abstract_Factory\Abstract_Factory.csproj", "{491AD97C-AC78-4A81-9136-8070B39C7C90}"
EndProject
Project("{FAE04EC0-301F-11D3-BF4B-00C04F79EFBC}") = "Singleton", "Singleton\Singleton.csproj", "{C3CAA3BF-6A90-4A3B-A4F2-95F2068A8343}"
EndProject
Global
	GlobalSection(SolutionConfigurationPlatforms) = preSolution
		Debug|Any CPU = Debug|Any CPU
		Release|Any CPU = Release|Any CPU
	EndGlobalSection
	GlobalSection(ProjectConfigurationPlatforms) = postSolution
		{7D9C6966-7714-48D4-88D7-0FB37B2022A5}.Debug|Any CPU.ActiveCfg = Debug|Any CPU
		{7D9C6966-7714-48D4-88D7-0FB37B2022A5}.Debug|Any CPU.Build.0 = Debug|Any CPU
		{7D9C6966-7714-48D4-88D7-0FB37B2022A5}.Release|Any CPU.ActiveCfg = Release|Any CPU
		{7D9C6966-7714-48D4-88D7-0FB37B2022A5}.Release|Any CPU.Build.0 = Release|Any CPU
		{491AD97C-AC78-4A81-9136-8070B39C7C90}.Debug|Any CPU.ActiveCfg = Debug|Any CPU
		{491AD97C-AC78-4A81-9136-8070B39C7C90}.Debug|Any CPU.Build.0 = Debug|Any CPU
		{491AD97C-AC78-4A81-9136-8070B39C7C90}.Release|Any CPU.ActiveCfg = Release|Any CPU
		{491AD97C-AC78-4A81-9136-8070B39C7C90}.Release|Any CPU.Build.0 = Release|Any CPU
		{C3CAA3BF-6A90-4A3B-A4F2-95F2068A8343}.Debug|Any CPU.ActiveCfg = Debug|Any CPU
		{C3CAA3BF-6A90-4A3B-A4F2-95F2068A8343}.Debug|Any CPU.Build.0 = Debug|Any CPU
		{C3CAA3BF-6A90-4A3B-A4F2-95F2068A8343}.Release|Any CPU.ActiveCfg = Release|Any CPU
		{C3CAA3BF-6A90-4A3B-A4F2-95F2068A8343}.Release|Any CPU.Build.0 = Release|Any CPU
	EndGlobalSection
EndGlobal
